github.com/sumyiren/hugo-theme-novela v0.0.0-20200807150328-811b4ca4ebef h1:jwtOrXCeUXwcc+zN2HPyudT6KUBUj07/dCdCoXgql+o=
github.com/sumyiren/hugo-theme-novela v0.0.0-20200807150328-811b4ca4ebef/go.mod h1:3Ys8HSILJdxqFw6mOtBAEaDmI/MyhGJhNyvlpMt0oTY=
github.com/sumyiren/hugo-theme-novela v0.0.0-20200923124324-608af7f1ee46 h1:LZfKpUPsIwdaFD5dnLasi1CZiqV9fktluEbe2Gfy+e0=
github.com/sumyiren/hugo-theme-novela v0.0.0-20200923124324-608af7f1ee46/go.mod h1:3Ys8HSILJdxqFw6mOtBAEaDmI/MyhGJhNyvlpMt0oTY=
github.com/sumyiren/hugo-theme-novela v0.0.0-20210103141158-f8f7994e50d3 h1:YNdtm2mvWhe1Y3mHdqdCfK0oz4rpdx0h1uZ7f7Bd0wE=
github.com/sumyiren/hugo-theme-novela v0.0.0-20210103141158-f8f7994e50d3/go.mod h1:us8dcRwC5hqAfE712wWWRwgB1+wl2zzYxWHcRE05YFo=
github.com/sumyiren/hugo-theme-novela v0.0.0-20210103144508-b635dac5fb63 h1:ITozrXFgjtk0V51zdx5ntt8k71zRuANKX8WubkokH64=
github.com/sumyiren/hugo-theme-novela v0.0.0-20210103144508-b635dac5fb63/go.mod h1:us8dcRwC5hqAfE712wWWRwgB1+wl2zzYxWHcRE05YFo=
